// !$*UTF8*$!
{
	archiveVersion = 1;
	classes = {
	};
	objectVersion = 46;
	objects = {

/* Begin PBXBuildFile section */
		696C080E1796CD4100B77C5C /* aerodynamic_qoi.cpp in Sources */ = {isa = PBXBuildFile; fileRef = 696C07F61796CD4100B77C5C /* aerodynamic_qoi.cpp */; };
		696C08101796CD4100B77C5C /* fluid_newton_solver.cpp in Sources */ = {isa = PBXBuildFile; fileRef = 696C07FA1796CD4100B77C5C /* fluid_newton_solver.cpp */; };
		696C08131796CD4100B77C5C /* surface_motion.cpp in Sources */ = {isa = PBXBuildFile; fileRef = 696C08001796CD4100B77C5C /* surface_motion.cpp */; };
		696C08141796CD4100B77C5C /* residual_based_adaptive_time_solver.C in Sources */ = {isa = PBXBuildFile; fileRef = 696C08051796CD4100B77C5C /* residual_based_adaptive_time_solver.C */; };
		696C08151796CD4100B77C5C /* structural_elem_base.cpp in Sources */ = {isa = PBXBuildFile; fileRef = 696C08081796CD4100B77C5C /* structural_elem_base.cpp */; };
		696C08161796CD4100B77C5C /* thermal_elem_base.cpp in Sources */ = {isa = PBXBuildFile; fileRef = 696C080B1796CD4100B77C5C /* thermal_elem_base.cpp */; };
		696C08191796CF9200B77C5C /* structural_system_base.cpp in Sources */ = {isa = PBXBuildFile; fileRef = 696C08171796CF9200B77C5C /* structural_system_base.cpp */; };
		696C081B1796ED8200B77C5C /* structural_driver.cpp in Sources */ = {isa = PBXBuildFile; fileRef = 696C081A1796ED8200B77C5C /* structural_driver.cpp */; };
		EBE3222316EA72430078E733 /* libmpi_cxx.1.dylib in Frameworks */ = {isa = PBXBuildFile; fileRef = EBE3222116EA72430078E733 /* libmpi_cxx.1.dylib */; };
		EBE3222416EA72430078E733 /* libmpi.1.dylib in Frameworks */ = {isa = PBXBuildFile; fileRef = EBE3222216EA72430078E733 /* libmpi.1.dylib */; };
		EBE83D5117981C17000F013C /* FESystem.dylib in Frameworks */ = {isa = PBXBuildFile; fileRef = EBE83D5017981C17000F013C /* FESystem.dylib */; };
		EBE83D5317A021E3000F013C /* fluid_analysis_driver.cpp in Sources */ = {isa = PBXBuildFile; fileRef = EBE83D5217A021E3000F013C /* fluid_analysis_driver.cpp */; };
		EBE83D5717A021F4000F013C /* fluid_elem_base.cpp in Sources */ = {isa = PBXBuildFile; fileRef = EBE83D5417A021F4000F013C /* fluid_elem_base.cpp */; };
		EBE83D5817A021F4000F013C /* fluid_system.cpp in Sources */ = {isa = PBXBuildFile; fileRef = EBE83D5517A021F4000F013C /* fluid_system.cpp */; };
		EBE83D5917A021F4000F013C /* frequency_domain_linearized_fluid_system.cpp in Sources */ = {isa = PBXBuildFile; fileRef = EBE83D5617A021F4000F013C /* frequency_domain_linearized_fluid_system.cpp */; };
		EBF96DF016EA6C6F00316D86 /* libmesh_dbg.0.dylib in Frameworks */ = {isa = PBXBuildFile; fileRef = EBF96DEF16EA6C6F00316D86 /* libmesh_dbg.0.dylib */; };
/* End PBXBuildFile section */

/* Begin PBXCopyFilesBuildPhase section */
		EBF96D9316EA6B1100316D86 /* CopyFiles */ = {
			isa = PBXCopyFilesBuildPhase;
			buildActionMask = 2147483647;
			dstPath = /usr/share/man/man1/;
			dstSubfolderSpec = 0;
			files = (
			);
			runOnlyForDeploymentPostprocessing = 1;
		};
/* End PBXCopyFilesBuildPhase section */

/* Begin PBXFileReference section */
		696C07F61796CD4100B77C5C /* aerodynamic_qoi.cpp */ = {isa = PBXFileReference; fileEncoding = 4; lastKnownFileType = sourcecode.cpp.cpp; path = aerodynamic_qoi.cpp; sourceTree = "<group>"; };
		696C07F71796CD4100B77C5C /* aerodynamic_qoi.h */ = {isa = PBXFileReference; fileEncoding = 4; lastKnownFileType = sourcecode.c.h; path = aerodynamic_qoi.h; sourceTree = "<group>"; };
		696C07F91796CD4100B77C5C /* fluid_elem_base.h */ = {isa = PBXFileReference; fileEncoding = 4; lastKnownFileType = sourcecode.c.h; path = fluid_elem_base.h; sourceTree = "<group>"; };
		696C07FA1796CD4100B77C5C /* fluid_newton_solver.cpp */ = {isa = PBXFileReference; fileEncoding = 4; lastKnownFileType = sourcecode.cpp.cpp; path = fluid_newton_solver.cpp; sourceTree = "<group>"; };
		696C07FB1796CD4100B77C5C /* fluid_newton_solver.h */ = {isa = PBXFileReference; fileEncoding = 4; lastKnownFileType = sourcecode.c.h; path = fluid_newton_solver.h; sourceTree = "<group>"; };
		696C07FD1796CD4100B77C5C /* fluid_system.h */ = {isa = PBXFileReference; fileEncoding = 4; lastKnownFileType = sourcecode.c.h; path = fluid_system.h; sourceTree = "<group>"; };
		696C07FF1796CD4100B77C5C /* frequency_domain_linearized_fluid_system.h */ = {isa = PBXFileReference; fileEncoding = 4; lastKnownFileType = sourcecode.c.h; path = frequency_domain_linearized_fluid_system.h; sourceTree = "<group>"; };
		696C08001796CD4100B77C5C /* surface_motion.cpp */ = {isa = PBXFileReference; fileEncoding = 4; lastKnownFileType = sourcecode.cpp.cpp; path = surface_motion.cpp; sourceTree = "<group>"; };
		696C08011796CD4100B77C5C /* surface_motion.h */ = {isa = PBXFileReference; fileEncoding = 4; lastKnownFileType = sourcecode.c.h; path = surface_motion.h; sourceTree = "<group>"; };
		696C08031796CD4100B77C5C /* fem_operator_matrix.h */ = {isa = PBXFileReference; fileEncoding = 4; lastKnownFileType = sourcecode.c.h; path = fem_operator_matrix.h; sourceTree = "<group>"; };
		696C08051796CD4100B77C5C /* residual_based_adaptive_time_solver.C */ = {isa = PBXFileReference; fileEncoding = 4; lastKnownFileType = sourcecode.cpp.cpp; path = residual_based_adaptive_time_solver.C; sourceTree = "<group>"; };
		696C08061796CD4100B77C5C /* residual_based_adaptive_time_solver.h */ = {isa = PBXFileReference; fileEncoding = 4; lastKnownFileType = sourcecode.c.h; path = residual_based_adaptive_time_solver.h; sourceTree = "<group>"; };
		696C08081796CD4100B77C5C /* structural_elem_base.cpp */ = {isa = PBXFileReference; fileEncoding = 4; lastKnownFileType = sourcecode.cpp.cpp; path = structural_elem_base.cpp; sourceTree = "<group>"; };
		696C08091796CD4100B77C5C /* structural_elem_base.h */ = {isa = PBXFileReference; fileEncoding = 4; lastKnownFileType = sourcecode.c.h; path = structural_elem_base.h; sourceTree = "<group>"; };
		696C080B1796CD4100B77C5C /* thermal_elem_base.cpp */ = {isa = PBXFileReference; fileEncoding = 4; lastKnownFileType = sourcecode.cpp.cpp; path = thermal_elem_base.cpp; sourceTree = "<group>"; };
		696C080C1796CD4100B77C5C /* thermal_elem_base.h */ = {isa = PBXFileReference; fileEncoding = 4; lastKnownFileType = sourcecode.c.h; path = thermal_elem_base.h; sourceTree = "<group>"; };
		696C08171796CF9200B77C5C /* structural_system_base.cpp */ = {isa = PBXFileReference; fileEncoding = 4; lastKnownFileType = sourcecode.cpp.cpp; path = structural_system_base.cpp; sourceTree = "<group>"; };
		696C08181796CF9200B77C5C /* structural_system_base.h */ = {isa = PBXFileReference; fileEncoding = 4; lastKnownFileType = sourcecode.c.h; path = structural_system_base.h; sourceTree = "<group>"; };
		696C081A1796ED8200B77C5C /* structural_driver.cpp */ = {isa = PBXFileReference; fileEncoding = 4; lastKnownFileType = sourcecode.cpp.cpp; path = structural_driver.cpp; sourceTree = "<group>"; };
		EBE3222116EA72430078E733 /* libmpi_cxx.1.dylib */ = {isa = PBXFileReference; lastKnownFileType = "compiled.mach-o.dylib"; name = libmpi_cxx.1.dylib; path = ../../../../../opt/local/lib/libmpi_cxx.1.dylib; sourceTree = "<group>"; };
		EBE3222216EA72430078E733 /* libmpi.1.dylib */ = {isa = PBXFileReference; lastKnownFileType = "compiled.mach-o.dylib"; name = libmpi.1.dylib; path = ../../../../../opt/local/lib/libmpi.1.dylib; sourceTree = "<group>"; };
		EBE83D5017981C17000F013C /* FESystem.dylib */ = {isa = PBXFileReference; lastKnownFileType = "compiled.mach-o.dylib"; name = FESystem.dylib; path = "../../../Library/Developer/Xcode/DerivedData/MAST-gzpjcglpavpumwbuwznoivbuhmyv/Build/Products/Debug/FESystem.dylib"; sourceTree = "<group>"; };
		EBE83D5217A021E3000F013C /* fluid_analysis_driver.cpp */ = {isa = PBXFileReference; fileEncoding = 4; lastKnownFileType = sourcecode.cpp.cpp; path = fluid_analysis_driver.cpp; sourceTree = "<group>"; };
		EBE83D5417A021F4000F013C /* fluid_elem_base.cpp */ = {isa = PBXFileReference; fileEncoding = 4; lastKnownFileType = sourcecode.cpp.cpp; path = fluid_elem_base.cpp; sourceTree = "<group>"; };
		EBE83D5517A021F4000F013C /* fluid_system.cpp */ = {isa = PBXFileReference; fileEncoding = 4; lastKnownFileType = sourcecode.cpp.cpp; path = fluid_system.cpp; sourceTree = "<group>"; };
		EBE83D5617A021F4000F013C /* frequency_domain_linearized_fluid_system.cpp */ = {isa = PBXFileReference; fileEncoding = 4; lastKnownFileType = sourcecode.cpp.cpp; path = frequency_domain_linearized_fluid_system.cpp; sourceTree = "<group>"; };
		EBF96D9516EA6B1100316D86 /* RealSolver */ = {isa = PBXFileReference; explicitFileType = "compiled.mach-o.executable"; includeInIndex = 0; path = RealSolver; sourceTree = BUILT_PRODUCTS_DIR; };
		EBF96DEF16EA6C6F00316D86 /* libmesh_dbg.0.dylib */ = {isa = PBXFileReference; lastKnownFileType = "compiled.mach-o.dylib"; name = libmesh_dbg.0.dylib; path = ../libmesh/real/lib/libmesh_dbg.0.dylib; sourceTree = "<group>"; };
/* End PBXFileReference section */

/* Begin PBXFrameworksBuildPhase section */
		EBF96D9216EA6B1100316D86 /* Frameworks */ = {
			isa = PBXFrameworksBuildPhase;
			buildActionMask = 2147483647;
			files = (
				EBE83D5117981C17000F013C /* FESystem.dylib in Frameworks */,
				EBF96DF016EA6C6F00316D86 /* libmesh_dbg.0.dylib in Frameworks */,
				EBE3222316EA72430078E733 /* libmpi_cxx.1.dylib in Frameworks */,
				EBE3222416EA72430078E733 /* libmpi.1.dylib in Frameworks */,
			);
			runOnlyForDeploymentPostprocessing = 0;
		};
/* End PBXFrameworksBuildPhase section */

/* Begin PBXGroup section */
		696C07F21796CD4100B77C5C /* src */ = {
			isa = PBXGroup;
			children = (
				696C07F31796CD4100B77C5C /* AnalysisDriver */,
				696C07F51796CD4100B77C5C /* FluidElems */,
				696C08021796CD4100B77C5C /* Numerics */,
				696C08041796CD4100B77C5C /* Solvers */,
				696C08071796CD4100B77C5C /* StructuralElems */,
				696C080A1796CD4100B77C5C /* ThermalElems */,
			);
			name = src;
			path = MAST/src;
			sourceTree = "<group>";
		};
		696C07F31796CD4100B77C5C /* AnalysisDriver */ = {
			isa = PBXGroup;
			children = (
				EBE83D5217A021E3000F013C /* fluid_analysis_driver.cpp */,
				696C081A1796ED8200B77C5C /* structural_driver.cpp */,
			);
			path = AnalysisDriver;
			sourceTree = "<group>";
		};
		696C07F51796CD4100B77C5C /* FluidElems */ = {
			isa = PBXGroup;
			children = (
				696C07F61796CD4100B77C5C /* aerodynamic_qoi.cpp */,
				696C07F71796CD4100B77C5C /* aerodynamic_qoi.h */,
				EBE83D5417A021F4000F013C /* fluid_elem_base.cpp */,
				696C07F91796CD4100B77C5C /* fluid_elem_base.h */,
				696C07FA1796CD4100B77C5C /* fluid_newton_solver.cpp */,
				696C07FB1796CD4100B77C5C /* fluid_newton_solver.h */,
				EBE83D5517A021F4000F013C /* fluid_system.cpp */,
				696C07FD1796CD4100B77C5C /* fluid_system.h */,
				EBE83D5617A021F4000F013C /* frequency_domain_linearized_fluid_system.cpp */,
				696C07FF1796CD4100B77C5C /* frequency_domain_linearized_fluid_system.h */,
				696C08001796CD4100B77C5C /* surface_motion.cpp */,
				696C08011796CD4100B77C5C /* surface_motion.h */,
			);
			path = FluidElems;
			sourceTree = "<group>";
		};
		696C08021796CD4100B77C5C /* Numerics */ = {
			isa = PBXGroup;
			children = (
				696C08031796CD4100B77C5C /* fem_operator_matrix.h */,
			);
			path = Numerics;
			sourceTree = "<group>";
		};
		696C08041796CD4100B77C5C /* Solvers */ = {
			isa = PBXGroup;
			children = (
				696C08051796CD4100B77C5C /* residual_based_adaptive_time_solver.C */,
				696C08061796CD4100B77C5C /* residual_based_adaptive_time_solver.h */,
			);
			path = Solvers;
			sourceTree = "<group>";
		};
		696C08071796CD4100B77C5C /* StructuralElems */ = {
			isa = PBXGroup;
			children = (
				696C08081796CD4100B77C5C /* structural_elem_base.cpp */,
				696C08091796CD4100B77C5C /* structural_elem_base.h */,
				696C08171796CF9200B77C5C /* structural_system_base.cpp */,
				696C08181796CF9200B77C5C /* structural_system_base.h */,
			);
			path = StructuralElems;
			sourceTree = "<group>";
		};
		696C080A1796CD4100B77C5C /* ThermalElems */ = {
			isa = PBXGroup;
			children = (
				696C080B1796CD4100B77C5C /* thermal_elem_base.cpp */,
				696C080C1796CD4100B77C5C /* thermal_elem_base.h */,
			);
			path = ThermalElems;
			sourceTree = "<group>";
		};
		EBF96D8A16EA6B1100316D86 = {
			isa = PBXGroup;
			children = (
				EBE83D5017981C17000F013C /* FESystem.dylib */,
				696C07F21796CD4100B77C5C /* src */,
				EBE3222116EA72430078E733 /* libmpi_cxx.1.dylib */,
				EBE3222216EA72430078E733 /* libmpi.1.dylib */,
				EBF96DEF16EA6C6F00316D86 /* libmesh_dbg.0.dylib */,
				EBF96D9616EA6B1100316D86 /* Products */,
			);
			sourceTree = "<group>";
		};
		EBF96D9616EA6B1100316D86 /* Products */ = {
			isa = PBXGroup;
			children = (
				EBF96D9516EA6B1100316D86 /* RealSolver */,
			);
			name = Products;
			sourceTree = "<group>";
		};
/* End PBXGroup section */

/* Begin PBXNativeTarget section */
		EBF96D9416EA6B1100316D86 /* RealSolver */ = {
			isa = PBXNativeTarget;
			buildConfigurationList = EBF96D9F16EA6B1100316D86 /* Build configuration list for PBXNativeTarget "RealSolver" */;
			buildPhases = (
				EBF96D9116EA6B1100316D86 /* Sources */,
				EBF96D9216EA6B1100316D86 /* Frameworks */,
				EBF96D9316EA6B1100316D86 /* CopyFiles */,
			);
			buildRules = (
			);
			dependencies = (
			);
			name = RealSolver;
			productName = RealSolver;
			productReference = EBF96D9516EA6B1100316D86 /* RealSolver */;
			productType = "com.apple.product-type.tool";
		};
/* End PBXNativeTarget section */

/* Begin PBXProject section */
		EBF96D8C16EA6B1100316D86 /* Project object */ = {
			isa = PBXProject;
			attributes = {
				LastUpgradeCheck = 0450;
				ORGANIZATIONNAME = "Manav Bhatia";
			};
			buildConfigurationList = EBF96D8F16EA6B1100316D86 /* Build configuration list for PBXProject "RealSolver" */;
			compatibilityVersion = "Xcode 3.2";
			developmentRegion = English;
			hasScannedForEncodings = 0;
			knownRegions = (
				en,
			);
			mainGroup = EBF96D8A16EA6B1100316D86;
			productRefGroup = EBF96D9616EA6B1100316D86 /* Products */;
			projectDirPath = "";
			projectRoot = "";
			targets = (
				EBF96D9416EA6B1100316D86 /* RealSolver */,
			);
		};
/* End PBXProject section */

/* Begin PBXSourcesBuildPhase section */
		EBF96D9116EA6B1100316D86 /* Sources */ = {
			isa = PBXSourcesBuildPhase;
			buildActionMask = 2147483647;
			files = (
				696C080E1796CD4100B77C5C /* aerodynamic_qoi.cpp in Sources */,
				696C08101796CD4100B77C5C /* fluid_newton_solver.cpp in Sources */,
				696C08131796CD4100B77C5C /* surface_motion.cpp in Sources */,
				696C08141796CD4100B77C5C /* residual_based_adaptive_time_solver.C in Sources */,
				696C08151796CD4100B77C5C /* structural_elem_base.cpp in Sources */,
				696C08161796CD4100B77C5C /* thermal_elem_base.cpp in Sources */,
				696C08191796CF9200B77C5C /* structural_system_base.cpp in Sources */,
				696C081B1796ED8200B77C5C /* structural_driver.cpp in Sources */,
				EBE83D5317A021E3000F013C /* fluid_analysis_driver.cpp in Sources */,
				EBE83D5717A021F4000F013C /* fluid_elem_base.cpp in Sources */,
				EBE83D5817A021F4000F013C /* fluid_system.cpp in Sources */,
				EBE83D5917A021F4000F013C /* frequency_domain_linearized_fluid_system.cpp in Sources */,
			);
			runOnlyForDeploymentPostprocessing = 0;
		};
/* End PBXSourcesBuildPhase section */

/* Begin XCBuildConfiguration section */
		EBF96D9D16EA6B1100316D86 /* Debug */ = {
			isa = XCBuildConfiguration;
			buildSettings = {
				ALWAYS_SEARCH_USER_PATHS = NO;
				ARCHS = "$(ARCHS_STANDARD_64_BIT)";
				CLANG_CXX_LANGUAGE_STANDARD = "gnu++0x";
				CLANG_CXX_LIBRARY = "libc++";
				CLANG_ENABLE_OBJC_ARC = YES;
				CLANG_WARN_EMPTY_BODY = YES;
				CLANG_WARN__DUPLICATE_METHOD_MATCH = YES;
				COPY_PHASE_STRIP = NO;
				GCC_C_LANGUAGE_STANDARD = gnu99;
				GCC_DYNAMIC_NO_PIC = NO;
				GCC_ENABLE_OBJC_EXCEPTIONS = YES;
				GCC_OPTIMIZATION_LEVEL = 0;
				GCC_PREPROCESSOR_DEFINITIONS = (
					"DEBUG=1",
					"$(inherited)",
				);
				GCC_SYMBOLS_PRIVATE_EXTERN = NO;
				GCC_WARN_64_TO_32_BIT_CONVERSION = YES;
				GCC_WARN_ABOUT_RETURN_TYPE = YES;
				GCC_WARN_UNINITIALIZED_AUTOS = YES;
				GCC_WARN_UNUSED_VARIABLE = YES;
				MACOSX_DEPLOYMENT_TARGET = 10.8;
				ONLY_ACTIVE_ARCH = YES;
				SDKROOT = macosx;
			};
			name = Debug;
		};
		EBF96D9E16EA6B1100316D86 /* Release */ = {
			isa = XCBuildConfiguration;
			buildSettings = {
				ALWAYS_SEARCH_USER_PATHS = NO;
				ARCHS = "$(ARCHS_STANDARD_64_BIT)";
				CLANG_CXX_LANGUAGE_STANDARD = "gnu++0x";
				CLANG_CXX_LIBRARY = "libc++";
				CLANG_ENABLE_OBJC_ARC = YES;
				CLANG_WARN_EMPTY_BODY = YES;
				CLANG_WARN__DUPLICATE_METHOD_MATCH = YES;
				COPY_PHASE_STRIP = YES;
				DEBUG_INFORMATION_FORMAT = "dwarf-with-dsym";
				GCC_C_LANGUAGE_STANDARD = gnu99;
				GCC_ENABLE_OBJC_EXCEPTIONS = YES;
				GCC_WARN_64_TO_32_BIT_CONVERSION = YES;
				GCC_WARN_ABOUT_RETURN_TYPE = YES;
				GCC_WARN_UNINITIALIZED_AUTOS = YES;
				GCC_WARN_UNUSED_VARIABLE = YES;
				MACOSX_DEPLOYMENT_TARGET = 10.8;
				SDKROOT = macosx;
			};
			name = Release;
		};
		EBF96DA016EA6B1100316D86 /* Debug */ = {
			isa = XCBuildConfiguration;
			buildSettings = {
				CLANG_CXX_LANGUAGE_STANDARD = "compiler-default";
				CLANG_CXX_LIBRARY = "compiler-default";
				DEBUG_INFORMATION_FORMAT = "dwarf-with-dsym";
				GCC_C_LANGUAGE_STANDARD = "compiler-default";
				HEADER_SEARCH_PATHS = /opt/local/include/openmpi;
				LIBRARY_SEARCH_PATHS = (
					"$(inherited)",
					"\"$(SRCROOT)/../libmesh/real/lib\"",
					/opt/local/lib,
					"\"$(SRCROOT)/../../../Library/Developer/Xcode/DerivedData/FESystemWorkspace-gxbstmkzgllzasfxircgnhskqlii/Build/Products/Debug\"",
					"\"$(SRCROOT)/../../../Library/Developer/Xcode/DerivedData/MAST-gmksdmnuhuepyfgusmjxcfxzfgzy/Build/Products/Debug\"",
					"\"$(SRCROOT)/../../../Library/Developer/Xcode/DerivedData/MAST-gzpjcglpavpumwbuwznoivbuhmyv/Build/Products/Debug\"",
				);
				MACOSX_DEPLOYMENT_TARGET = "";
				PRODUCT_NAME = "$(TARGET_NAME)";
				USER_HEADER_SEARCH_PATHS = "\"$(SRCROOT)/MAST/src\" \"$(SRCROOT)/../libmesh/real/include\" /opt/local/tbb41_20121003oss/include /opt/local/include/vtk-5.10 \"$(SRCROOT)/../FESystem/FESystem/src\"";
			};
			name = Debug;
		};
		EBF96DA116EA6B1100316D86 /* Release */ = {
			isa = XCBuildConfiguration;
			buildSettings = {
				CLANG_CXX_LANGUAGE_STANDARD = "compiler-default";
				CLANG_CXX_LIBRARY = "compiler-default";
				DEBUG_INFORMATION_FORMAT = "dwarf-with-dsym";
				GCC_C_LANGUAGE_STANDARD = "compiler-default";
				HEADER_SEARCH_PATHS = /opt/local/include/openmpi;
				LIBRARY_SEARCH_PATHS = (
					"$(inherited)",
					"\"$(SRCROOT)/../libmesh/real/lib\"",
					/opt/local/lib,
					"\"$(SRCROOT)/../../../Library/Developer/Xcode/DerivedData/FESystemWorkspace-gxbstmkzgllzasfxircgnhskqlii/Build/Products/Debug\"",
					"\"$(SRCROOT)/../../../Library/Developer/Xcode/DerivedData/MAST-gmksdmnuhuepyfgusmjxcfxzfgzy/Build/Products/Debug\"",
					"\"$(SRCROOT)/../../../Library/Developer/Xcode/DerivedData/MAST-gzpjcglpavpumwbuwznoivbuhmyv/Build/Products/Debug\"",
				);
				MACOSX_DEPLOYMENT_TARGET = "";
				PRODUCT_NAME = "$(TARGET_NAME)";
				USER_HEADER_SEARCH_PATHS = "\"$(SRCROOT)/MAST/src\" \"$(SRCROOT)/../libmesh/real/include\" /opt/local/tbb41_20121003oss/include /opt/local/include/vtk-5.10 \"$(SRCROOT)/../FESystem/FESystem/src\"";
			};
			name = Release;
		};
/* End XCBuildConfiguration section */

/* Begin XCConfigurationList section */
		EBF96D8F16EA6B1100316D86 /* Build configuration list for PBXProject "RealSolver" */ = {
			isa = XCConfigurationList;
			buildConfigurations = (
				EBF96D9D16EA6B1100316D86 /* Debug */,
				EBF96D9E16EA6B1100316D86 /* Release */,
			);
			defaultConfigurationIsVisible = 0;
			defaultConfigurationName = Release;
		};
		EBF96D9F16EA6B1100316D86 /* Build configuration list for PBXNativeTarget "RealSolver" */ = {
			isa = XCConfigurationList;
			buildConfigurations = (
				EBF96DA016EA6B1100316D86 /* Debug */,
				EBF96DA116EA6B1100316D86 /* Release */,
			);
			defaultConfigurationIsVisible = 0;
			defaultConfigurationName = Release;
		};
/* End XCConfigurationList section */
	};
	rootObject = EBF96D8C16EA6B1100316D86 /* Project object */;
}
